
Microsoft Visual Studio Solution File, Format Version 12.00
# Visual Studio 2012
Project("{FAE04EC0-301F-11D3-BF4B-00C04F79EFBC}") = "Core", "SmartEngine.Core\Core.csproj", "{95D5A697-719F-42DD-8F9A-823F35B0748C}"
EndProject
Project("{FAE04EC0-301F-11D3-BF4B-00C04F79EFBC}") = "Network", "SmartEngine.Network\Network.csproj", "{48A58130-3777-444E-B92D-D7169A7FD75D}"
EndProject
Project("{2150E333-8FDC-42A3-9474-1A3956D46DE8}") = "Framework", "Framework", "{6F50225F-0FC2-4CC9-B6AC-FB66EEE381B2}"
EndProject
Project("{2150E333-8FDC-42A3-9474-1A3956D46DE8}") = "SmartEngine", "SmartEngine", "{391922E5-49C3-48AC-84A9-12F291950765}"
EndProject
Project("{2150E333-8FDC-42A3-9474-1A3956D46DE8}") = "Encryption", "Encryption", "{5D74D80E-3FBD-46FB-92D7-9D7D2124A455}"
EndProject
Project("{2150E333-8FDC-42A3-9474-1A3956D46DE8}") = "PacketHandler", "PacketHandler", "{8AD2CFE3-A333-4352-BD69-75ECE7A178C7}"
EndProject
Project("{2150E333-8FDC-42A3-9474-1A3956D46DE8}") = "Tools", "Tools", "{906F7C94-D2FB-42D3-BEB8-AED341485F15}"
EndProject
Project("{2150E333-8FDC-42A3-9474-1A3956D46DE8}") = "Servers", "Servers", "{11815CCB-6029-40AA-82AC-7663E7B73C56}"
EndProject
Project("{2150E333-8FDC-42A3-9474-1A3956D46DE8}") = "Common", "Common", "{DA5B195C-92E2-42FA-B7A6-C9043FBB0022}"
EndProject
Project("{FAE04EC0-301F-11D3-BF4B-00C04F79EFBC}") = "LoginServer", "Login-Server\LoginServer.csproj", "{CCFB3921-3354-40CD-A082-3637D7411E92}"
EndProject
Project("{FAE04EC0-301F-11D3-BF4B-00C04F79EFBC}") = "Lobby-Server", "Lobby-Server\Lobby-Server.csproj", "{B9AB79B4-A396-4C35-808E-424B6DBCC92E}"
EndProject
Project("{FAE04EC0-301F-11D3-BF4B-00C04F79EFBC}") = "Cms-Server", "Cms-Server\Cms-Server.csproj", "{44CB3D5B-254C-435A-A2A4-ECAC05B27D00}"
EndProject
Project("{FAE04EC0-301F-11D3-BF4B-00C04F79EFBC}") = "Game-Server", "Game-Server\Game-Server.csproj", "{27D1A23A-232D-492D-B497-CEC67E66E1A4}"
EndProject
Project("{FAE04EC0-301F-11D3-BF4B-00C04F79EFBC}") = "Account-Server", "Account-Server\Account-Server.csproj", "{D36AFBB3-B05B-4DF4-B0EF-CCACDD774C99}"
EndProject
Project("{FAE04EC0-301F-11D3-BF4B-00C04F79EFBC}") = "Character-Server", "Character-Server\Character-Server.csproj", "{2D68F2A4-290E-48A0-957C-B96F2ACB0EA0}"
EndProject
Project("{FAE04EC0-301F-11D3-BF4B-00C04F79EFBC}") = "Common", "Common\Common.csproj", "{044F0E21-41B7-4B84-B551-E1275F4FFD87}"
EndProject
Project("{2150E333-8FDC-42A3-9474-1A3956D46DE8}") = "IO", "IO", "{1EDCAEEB-2840-4E88-A465-58DC43403C61}"
EndProject
Project("{FAE04EC0-301F-11D3-BF4B-00C04F79EFBC}") = "Bytebuffer", "Framework\IO\Bytebuffer\Bytebuffer.csproj", "{EC6EFCE5-8E2F-4732-B5F6-12D25BDCFECC}"
EndProject
Project("{FAE04EC0-301F-11D3-BF4B-00C04F79EFBC}") = "UCTool", "Tools\UCTool\UCTool.csproj", "{37B38BCF-BBE1-4117-A16B-325315C076FC}"
EndProject
Project("{FAE04EC0-301F-11D3-BF4B-00C04F79EFBC}") = "UCPacketViewer", "UCPacketViewer\UCPacketViewer.csproj", "{2CB597AA-A064-4EF9-AE83-DCDE516FA89F}"
EndProject
Global
	GlobalSection(SolutionConfigurationPlatforms) = preSolution
		Debug|Any CPU = Debug|Any CPU
		Debug|Mixed Platforms = Debug|Mixed Platforms
		Debug|Win32 = Debug|Win32
		Debug|x64 = Debug|x64
		Debug|x86 = Debug|x86
		Debug-x64|Any CPU = Debug-x64|Any CPU
		Debug-x64|Mixed Platforms = Debug-x64|Mixed Platforms
		Debug-x64|Win32 = Debug-x64|Win32
		Debug-x64|x64 = Debug-x64|x64
		Debug-x64|x86 = Debug-x64|x86
		Release|Any CPU = Release|Any CPU
		Release|Mixed Platforms = Release|Mixed Platforms
		Release|Win32 = Release|Win32
		Release|x64 = Release|x64
		Release|x86 = Release|x86
	EndGlobalSection
	GlobalSection(ProjectConfigurationPlatforms) = postSolution
		{95D5A697-719F-42DD-8F9A-823F35B0748C}.Debug|Any CPU.ActiveCfg = Debug|Any CPU
		{95D5A697-719F-42DD-8F9A-823F35B0748C}.Debug|Any CPU.Build.0 = Debug|Any CPU
		{95D5A697-719F-42DD-8F9A-823F35B0748C}.Debug|Mixed Platforms.ActiveCfg = Debug|x86
		{95D5A697-719F-42DD-8F9A-823F35B0748C}.Debug|Mixed Platforms.Build.0 = Debug|x86
		{95D5A697-719F-42DD-8F9A-823F35B0748C}.Debug|Win32.ActiveCfg = Debug|x86
		{95D5A697-719F-42DD-8F9A-823F35B0748C}.Debug|Win32.Build.0 = Debug|x86
		{95D5A697-719F-42DD-8F9A-823F35B0748C}.Debug|x64.ActiveCfg = Debug|x64
		{95D5A697-719F-42DD-8F9A-823F35B0748C}.Debug|x64.Build.0 = Debug|x64
		{95D5A697-719F-42DD-8F9A-823F35B0748C}.Debug|x86.ActiveCfg = Debug|x86
		{95D5A697-719F-42DD-8F9A-823F35B0748C}.Debug|x86.Build.0 = Debug|x86
		{95D5A697-719F-42DD-8F9A-823F35B0748C}.Debug-x64|Any CPU.ActiveCfg = Debug-x64|Any CPU
		{95D5A697-719F-42DD-8F9A-823F35B0748C}.Debug-x64|Any CPU.Build.0 = Debug-x64|Any CPU
		{95D5A697-719F-42DD-8F9A-823F35B0748C}.Debug-x64|Mixed Platforms.ActiveCfg = Debug-x64|x86
		{95D5A697-719F-42DD-8F9A-823F35B0748C}.Debug-x64|Mixed Platforms.Build.0 = Debug-x64|x86
		{95D5A697-719F-42DD-8F9A-823F35B0748C}.Debug-x64|Win32.ActiveCfg = Debug-x64|x86
		{95D5A697-719F-42DD-8F9A-823F35B0748C}.Debug-x64|Win32.Build.0 = Debug-x64|x86
		{95D5A697-719F-42DD-8F9A-823F35B0748C}.Debug-x64|x64.ActiveCfg = Debug-x64|x64
		{95D5A697-719F-42DD-8F9A-823F35B0748C}.Debug-x64|x64.Build.0 = Debug-x64|x64
		{95D5A697-719F-42DD-8F9A-823F35B0748C}.Debug-x64|x86.ActiveCfg = Debug-x64|x86
		{95D5A697-719F-42DD-8F9A-823F35B0748C}.Debug-x64|x86.Build.0 = Debug-x64|x86
		{95D5A697-719F-42DD-8F9A-823F35B0748C}.Release|Any CPU.ActiveCfg = Release|Any CPU
		{95D5A697-719F-42DD-8F9A-823F35B0748C}.Release|Any CPU.Build.0 = Release|Any CPU
		{95D5A697-719F-42DD-8F9A-823F35B0748C}.Release|Mixed Platforms.ActiveCfg = Release|x86
		{95D5A697-719F-42DD-8F9A-823F35B0748C}.Release|Mixed Platforms.Build.0 = Release|x86
		{95D5A697-719F-42DD-8F9A-823F35B0748C}.Release|Win32.ActiveCfg = Release|x86
		{95D5A697-719F-42DD-8F9A-823F35B0748C}.Release|Win32.Build.0 = Release|x86
		{95D5A697-719F-42DD-8F9A-823F35B0748C}.Release|x64.ActiveCfg = Release|x64
		{95D5A697-719F-42DD-8F9A-823F35B0748C}.Release|x64.Build.0 = Release|x64
		{95D5A697-719F-42DD-8F9A-823F35B0748C}.Release|x86.ActiveCfg = Release|x86
		{95D5A697-719F-42DD-8F9A-823F35B0748C}.Release|x86.Build.0 = Release|x86
		{48A58130-3777-444E-B92D-D7169A7FD75D}.Debug|Any CPU.ActiveCfg = Debug|Any CPU
		{48A58130-3777-444E-B92D-D7169A7FD75D}.Debug|Any CPU.Build.0 = Debug|Any CPU
		{48A58130-3777-444E-B92D-D7169A7FD75D}.Debug|Mixed Platforms.ActiveCfg = Debug|x86
		{48A58130-3777-444E-B92D-D7169A7FD75D}.Debug|Mixed Platforms.Build.0 = Debug|x86
		{48A58130-3777-444E-B92D-D7169A7FD75D}.Debug|Win32.ActiveCfg = Debug|x86
		{48A58130-3777-444E-B92D-D7169A7FD75D}.Debug|Win32.Build.0 = Debug|x86
		{48A58130-3777-444E-B92D-D7169A7FD75D}.Debug|x64.ActiveCfg = Debug|x64
		{48A58130-3777-444E-B92D-D7169A7FD75D}.Debug|x64.Build.0 = Debug|x64
		{48A58130-3777-444E-B92D-D7169A7FD75D}.Debug|x86.ActiveCfg = Debug|x86
		{48A58130-3777-444E-B92D-D7169A7FD75D}.Debug|x86.Build.0 = Debug|x86
		{48A58130-3777-444E-B92D-D7169A7FD75D}.Debug-x64|Any CPU.ActiveCfg = Debug-x64|Any CPU
		{48A58130-3777-444E-B92D-D7169A7FD75D}.Debug-x64|Any CPU.Build.0 = Debug-x64|Any CPU
		{48A58130-3777-444E-B92D-D7169A7FD75D}.Debug-x64|Mixed Platforms.ActiveCfg = Debug-x64|x86
		{48A58130-3777-444E-B92D-D7169A7FD75D}.Debug-x64|Mixed Platforms.Build.0 = Debug-x64|x86
		{48A58130-3777-444E-B92D-D7169A7FD75D}.Debug-x64|Win32.ActiveCfg = Debug-x64|x86
		{48A58130-3777-444E-B92D-D7169A7FD75D}.Debug-x64|Win32.Build.0 = Debug-x64|x86
		{48A58130-3777-444E-B92D-D7169A7FD75D}.Debug-x64|x64.ActiveCfg = Debug-x64|x64
		{48A58130-3777-444E-B92D-D7169A7FD75D}.Debug-x64|x64.Build.0 = Debug-x64|x64
		{48A58130-3777-444E-B92D-D7169A7FD75D}.Debug-x64|x86.ActiveCfg = Debug-x64|x86
		{48A58130-3777-444E-B92D-D7169A7FD75D}.Debug-x64|x86.Build.0 = Debug-x64|x86
		{48A58130-3777-444E-B92D-D7169A7FD75D}.Release|Any CPU.ActiveCfg = Release|Any CPU
		{48A58130-3777-444E-B92D-D7169A7FD75D}.Release|Any CPU.Build.0 = Release|Any CPU
		{48A58130-3777-444E-B92D-D7169A7FD75D}.Release|Mixed Platforms.ActiveCfg = Release|x86
		{48A58130-3777-444E-B92D-D7169A7FD75D}.Release|Mixed Platforms.Build.0 = Release|x86
		{48A58130-3777-444E-B92D-D7169A7FD75D}.Release|Win32.ActiveCfg = Release|x86
		{48A58130-3777-444E-B92D-D7169A7FD75D}.Release|Win32.Build.0 = Release|x86
		{48A58130-3777-444E-B92D-D7169A7FD75D}.Release|x64.ActiveCfg = Release|x64
		{48A58130-3777-444E-B92D-D7169A7FD75D}.Release|x64.Build.0 = Release|x64
		{48A58130-3777-444E-B92D-D7169A7FD75D}.Release|x86.ActiveCfg = Release|x86
		{48A58130-3777-444E-B92D-D7169A7FD75D}.Release|x86.Build.0 = Release|x86
		{CCFB3921-3354-40CD-A082-3637D7411E92}.Debug|Any CPU.ActiveCfg = Debug|Any CPU
		{CCFB3921-3354-40CD-A082-3637D7411E92}.Debug|Any CPU.Build.0 = Debug|Any CPU
		{CCFB3921-3354-40CD-A082-3637D7411E92}.Debug|Mixed Platforms.ActiveCfg = Debug|Any CPU
		{CCFB3921-3354-40CD-A082-3637D7411E92}.Debug|Mixed Platforms.Build.0 = Debug|Any CPU
		{CCFB3921-3354-40CD-A082-3637D7411E92}.Debug|Win32.ActiveCfg = Debug|Any CPU
		{CCFB3921-3354-40CD-A082-3637D7411E92}.Debug|x64.ActiveCfg = Debug|Any CPU
		{CCFB3921-3354-40CD-A082-3637D7411E92}.Debug|x86.ActiveCfg = Debug|Any CPU
		{CCFB3921-3354-40CD-A082-3637D7411E92}.Debug-x64|Any CPU.ActiveCfg = Debug|Any CPU
		{CCFB3921-3354-40CD-A082-3637D7411E92}.Debug-x64|Any CPU.Build.0 = Debug|Any CPU
		{CCFB3921-3354-40CD-A082-3637D7411E92}.Debug-x64|Mixed Platforms.ActiveCfg = Debug|Any CPU
		{CCFB3921-3354-40CD-A082-3637D7411E92}.Debug-x64|Mixed Platforms.Build.0 = Debug|Any CPU
		{CCFB3921-3354-40CD-A082-3637D7411E92}.Debug-x64|Win32.ActiveCfg = Debug|Any CPU
		{CCFB3921-3354-40CD-A082-3637D7411E92}.Debug-x64|x64.ActiveCfg = Debug|Any CPU
		{CCFB3921-3354-40CD-A082-3637D7411E92}.Debug-x64|x86.ActiveCfg = Debug|Any CPU
		{CCFB3921-3354-40CD-A082-3637D7411E92}.Release|Any CPU.ActiveCfg = Release|Any CPU
		{CCFB3921-3354-40CD-A082-3637D7411E92}.Release|Any CPU.Build.0 = Release|Any CPU
		{CCFB3921-3354-40CD-A082-3637D7411E92}.Release|Mixed Platforms.ActiveCfg = Release|Any CPU
		{CCFB3921-3354-40CD-A082-3637D7411E92}.Release|Mixed Platforms.Build.0 = Release|Any CPU
		{CCFB3921-3354-40CD-A082-3637D7411E92}.Release|Win32.ActiveCfg = Release|Any CPU
		{CCFB3921-3354-40CD-A082-3637D7411E92}.Release|x64.ActiveCfg = Release|Any CPU
		{CCFB3921-3354-40CD-A082-3637D7411E92}.Release|x86.ActiveCfg = Release|Any CPU
		{B9AB79B4-A396-4C35-808E-424B6DBCC92E}.Debug|Any CPU.ActiveCfg = Debug|Any CPU
		{B9AB79B4-A396-4C35-808E-424B6DBCC92E}.Debug|Any CPU.Build.0 = Debug|Any CPU
		{B9AB79B4-A396-4C35-808E-424B6DBCC92E}.Debug|Mixed Platforms.ActiveCfg = Debug|Any CPU
		{B9AB79B4-A396-4C35-808E-424B6DBCC92E}.Debug|Mixed Platforms.Build.0 = Debug|Any CPU
		{B9AB79B4-A396-4C35-808E-424B6DBCC92E}.Debug|Win32.ActiveCfg = Debug|Any CPU
		{B9AB79B4-A396-4C35-808E-424B6DBCC92E}.Debug|x64.ActiveCfg = Debug|Any CPU
		{B9AB79B4-A396-4C35-808E-424B6DBCC92E}.Debug|x86.ActiveCfg = Debug|Any CPU
		{B9AB79B4-A396-4C35-808E-424B6DBCC92E}.Debug-x64|Any CPU.ActiveCfg = Debug|Any CPU
		{B9AB79B4-A396-4C35-808E-424B6DBCC92E}.Debug-x64|Any CPU.Build.0 = Debug|Any CPU
		{B9AB79B4-A396-4C35-808E-424B6DBCC92E}.Debug-x64|Mixed Platforms.ActiveCfg = Debug|Any CPU
		{B9AB79B4-A396-4C35-808E-424B6DBCC92E}.Debug-x64|Mixed Platforms.Build.0 = Debug|Any CPU
		{B9AB79B4-A396-4C35-808E-424B6DBCC92E}.Debug-x64|Win32.ActiveCfg = Debug|Any CPU
		{B9AB79B4-A396-4C35-808E-424B6DBCC92E}.Debug-x64|x64.ActiveCfg = Debug|Any CPU
		{B9AB79B4-A396-4C35-808E-424B6DBCC92E}.Debug-x64|x86.ActiveCfg = Debug|Any CPU
		{B9AB79B4-A396-4C35-808E-424B6DBCC92E}.Release|Any CPU.ActiveCfg = Release|Any CPU
		{B9AB79B4-A396-4C35-808E-424B6DBCC92E}.Release|Any CPU.Build.0 = Release|Any CPU
		{B9AB79B4-A396-4C35-808E-424B6DBCC92E}.Release|Mixed Platforms.ActiveCfg = Release|Any CPU
		{B9AB79B4-A396-4C35-808E-424B6DBCC92E}.Release|Mixed Platforms.Build.0 = Release|Any CPU
		{B9AB79B4-A396-4C35-808E-424B6DBCC92E}.Release|Win32.ActiveCfg = Release|Any CPU
		{B9AB79B4-A396-4C35-808E-424B6DBCC92E}.Release|x64.ActiveCfg = Release|Any CPU
		{B9AB79B4-A396-4C35-808E-424B6DBCC92E}.Release|x86.ActiveCfg = Release|Any CPU
		{44CB3D5B-254C-435A-A2A4-ECAC05B27D00}.Debug|Any CPU.ActiveCfg = Debug|Any CPU
		{44CB3D5B-254C-435A-A2A4-ECAC05B27D00}.Debug|Any CPU.Build.0 = Debug|Any CPU
		{44CB3D5B-254C-435A-A2A4-ECAC05B27D00}.Debug|Mixed Platforms.ActiveCfg = Debug|Any CPU
		{44CB3D5B-254C-435A-A2A4-ECAC05B27D00}.Debug|Mixed Platforms.Build.0 = Debug|Any CPU
		{44CB3D5B-254C-435A-A2A4-ECAC05B27D00}.Debug|Win32.ActiveCfg = Debug|Any CPU
		{44CB3D5B-254C-435A-A2A4-ECAC05B27D00}.Debug|x64.ActiveCfg = Debug|Any CPU
		{44CB3D5B-254C-435A-A2A4-ECAC05B27D00}.Debug|x86.ActiveCfg = Debug|Any CPU
		{44CB3D5B-254C-435A-A2A4-ECAC05B27D00}.Debug-x64|Any CPU.ActiveCfg = Debug|Any CPU
		{44CB3D5B-254C-435A-A2A4-ECAC05B27D00}.Debug-x64|Any CPU.Build.0 = Debug|Any CPU
		{44CB3D5B-254C-435A-A2A4-ECAC05B27D00}.Debug-x64|Mixed Platforms.ActiveCfg = Debug|Any CPU
		{44CB3D5B-254C-435A-A2A4-ECAC05B27D00}.Debug-x64|Mixed Platforms.Build.0 = Debug|Any CPU
		{44CB3D5B-254C-435A-A2A4-ECAC05B27D00}.Debug-x64|Win32.ActiveCfg = Debug|Any CPU
		{44CB3D5B-254C-435A-A2A4-ECAC05B27D00}.Debug-x64|x64.ActiveCfg = Debug|Any CPU
		{44CB3D5B-254C-435A-A2A4-ECAC05B27D00}.Debug-x64|x86.ActiveCfg = Debug|Any CPU
		{44CB3D5B-254C-435A-A2A4-ECAC05B27D00}.Release|Any CPU.ActiveCfg = Release|Any CPU
		{44CB3D5B-254C-435A-A2A4-ECAC05B27D00}.Release|Any CPU.Build.0 = Release|Any CPU
		{44CB3D5B-254C-435A-A2A4-ECAC05B27D00}.Release|Mixed Platforms.ActiveCfg = Release|Any CPU
		{44CB3D5B-254C-435A-A2A4-ECAC05B27D00}.Release|Mixed Platforms.Build.0 = Release|Any CPU
		{44CB3D5B-254C-435A-A2A4-ECAC05B27D00}.Release|Win32.ActiveCfg = Release|Any CPU
		{44CB3D5B-254C-435A-A2A4-ECAC05B27D00}.Release|x64.ActiveCfg = Release|Any CPU
		{44CB3D5B-254C-435A-A2A4-ECAC05B27D00}.Release|x86.ActiveCfg = Release|Any CPU
		{27D1A23A-232D-492D-B497-CEC67E66E1A4}.Debug|Any CPU.ActiveCfg = Debug|Any CPU
		{27D1A23A-232D-492D-B497-CEC67E66E1A4}.Debug|Any CPU.Build.0 = Debug|Any CPU
		{27D1A23A-232D-492D-B497-CEC67E66E1A4}.Debug|Mixed Platforms.ActiveCfg = Debug|Any CPU
		{27D1A23A-232D-492D-B497-CEC67E66E1A4}.Debug|Mixed Platforms.Build.0 = Debug|Any CPU
		{27D1A23A-232D-492D-B497-CEC67E66E1A4}.Debug|Win32.ActiveCfg = Debug|Any CPU
		{27D1A23A-232D-492D-B497-CEC67E66E1A4}.Debug|x64.ActiveCfg = Debug|Any CPU
		{27D1A23A-232D-492D-B497-CEC67E66E1A4}.Debug|x86.ActiveCfg = Debug|Any CPU
		{27D1A23A-232D-492D-B497-CEC67E66E1A4}.Debug-x64|Any CPU.ActiveCfg = Debug|Any CPU
		{27D1A23A-232D-492D-B497-CEC67E66E1A4}.Debug-x64|Any CPU.Build.0 = Debug|Any CPU
		{27D1A23A-232D-492D-B497-CEC67E66E1A4}.Debug-x64|Mixed Platforms.ActiveCfg = Debug|Any CPU
		{27D1A23A-232D-492D-B497-CEC67E66E1A4}.Debug-x64|Mixed Platforms.Build.0 = Debug|Any CPU
		{27D1A23A-232D-492D-B497-CEC67E66E1A4}.Debug-x64|Win32.ActiveCfg = Debug|Any CPU
		{27D1A23A-232D-492D-B497-CEC67E66E1A4}.Debug-x64|x64.ActiveCfg = Debug|Any CPU
		{27D1A23A-232D-492D-B497-CEC67E66E1A4}.Debug-x64|x86.ActiveCfg = Debug|Any CPU
		{27D1A23A-232D-492D-B497-CEC67E66E1A4}.Release|Any CPU.ActiveCfg = Release|Any CPU
		{27D1A23A-232D-492D-B497-CEC67E66E1A4}.Release|Any CPU.Build.0 = Release|Any CPU
		{27D1A23A-232D-492D-B497-CEC67E66E1A4}.Release|Mixed Platforms.ActiveCfg = Release|Any CPU
		{27D1A23A-232D-492D-B497-CEC67E66E1A4}.Release|Mixed Platforms.Build.0 = Release|Any CPU
		{27D1A23A-232D-492D-B497-CEC67E66E1A4}.Release|Win32.ActiveCfg = Release|Any CPU
		{27D1A23A-232D-492D-B497-CEC67E66E1A4}.Release|x64.ActiveCfg = Release|Any CPU
		{27D1A23A-232D-492D-B497-CEC67E66E1A4}.Release|x86.ActiveCfg = Release|Any CPU
		{D36AFBB3-B05B-4DF4-B0EF-CCACDD774C99}.Debug|Any CPU.ActiveCfg = Debug|Any CPU
		{D36AFBB3-B05B-4DF4-B0EF-CCACDD774C99}.Debug|Any CPU.Build.0 = Debug|Any CPU
		{D36AFBB3-B05B-4DF4-B0EF-CCACDD774C99}.Debug|Mixed Platforms.ActiveCfg = Debug|Any CPU
		{D36AFBB3-B05B-4DF4-B0EF-CCACDD774C99}.Debug|Mixed Platforms.Build.0 = Debug|Any CPU
		{D36AFBB3-B05B-4DF4-B0EF-CCACDD774C99}.Debug|Win32.ActiveCfg = Debug|Any CPU
		{D36AFBB3-B05B-4DF4-B0EF-CCACDD774C99}.Debug|x64.ActiveCfg = Debug|Any CPU
		{D36AFBB3-B05B-4DF4-B0EF-CCACDD774C99}.Debug|x86.ActiveCfg = Debug|Any CPU
		{D36AFBB3-B05B-4DF4-B0EF-CCACDD774C99}.Debug-x64|Any CPU.ActiveCfg = Debug|Any CPU
		{D36AFBB3-B05B-4DF4-B0EF-CCACDD774C99}.Debug-x64|Any CPU.Build.0 = Debug|Any CPU
		{D36AFBB3-B05B-4DF4-B0EF-CCACDD774C99}.Debug-x64|Mixed Platforms.ActiveCfg = Debug|Any CPU
		{D36AFBB3-B05B-4DF4-B0EF-CCACDD774C99}.Debug-x64|Mixed Platforms.Build.0 = Debug|Any CPU
		{D36AFBB3-B05B-4DF4-B0EF-CCACDD774C99}.Debug-x64|Win32.ActiveCfg = Debug|Any CPU
		{D36AFBB3-B05B-4DF4-B0EF-CCACDD774C99}.Debug-x64|x64.ActiveCfg = Debug|Any CPU
		{D36AFBB3-B05B-4DF4-B0EF-CCACDD774C99}.Debug-x64|x86.ActiveCfg = Debug|Any CPU
		{D36AFBB3-B05B-4DF4-B0EF-CCACDD774C99}.Release|Any CPU.ActiveCfg = Release|Any CPU
		{D36AFBB3-B05B-4DF4-B0EF-CCACDD774C99}.Release|Any CPU.Build.0 = Release|Any CPU
		{D36AFBB3-B05B-4DF4-B0EF-CCACDD774C99}.Release|Mixed Platforms.ActiveCfg = Release|Any CPU
		{D36AFBB3-B05B-4DF4-B0EF-CCACDD774C99}.Release|Mixed Platforms.Build.0 = Release|Any CPU
		{D36AFBB3-B05B-4DF4-B0EF-CCACDD774C99}.Release|Win32.ActiveCfg = Release|Any CPU
		{D36AFBB3-B05B-4DF4-B0EF-CCACDD774C99}.Release|x64.ActiveCfg = Release|Any CPU
		{D36AFBB3-B05B-4DF4-B0EF-CCACDD774C99}.Release|x86.ActiveCfg = Release|Any CPU
		{2D68F2A4-290E-48A0-957C-B96F2ACB0EA0}.Debug|Any CPU.ActiveCfg = Debug|Any CPU
		{2D68F2A4-290E-48A0-957C-B96F2ACB0EA0}.Debug|Any CPU.Build.0 = Debug|Any CPU
		{2D68F2A4-290E-48A0-957C-B96F2ACB0EA0}.Debug|Mixed Platforms.ActiveCfg = Debug|Any CPU
		{2D68F2A4-290E-48A0-957C-B96F2ACB0EA0}.Debug|Mixed Platforms.Build.0 = Debug|Any CPU
		{2D68F2A4-290E-48A0-957C-B96F2ACB0EA0}.Debug|Win32.ActiveCfg = Debug|Any CPU
		{2D68F2A4-290E-48A0-957C-B96F2ACB0EA0}.Debug|x64.ActiveCfg = Debug|Any CPU
		{2D68F2A4-290E-48A0-957C-B96F2ACB0EA0}.Debug|x86.ActiveCfg = Debug|Any CPU
		{2D68F2A4-290E-48A0-957C-B96F2ACB0EA0}.Debug-x64|Any CPU.ActiveCfg = Debug|Any CPU
		{2D68F2A4-290E-48A0-957C-B96F2ACB0EA0}.Debug-x64|Any CPU.Build.0 = Debug|Any CPU
		{2D68F2A4-290E-48A0-957C-B96F2ACB0EA0}.Debug-x64|Mixed Platforms.ActiveCfg = Debug|Any CPU
		{2D68F2A4-290E-48A0-957C-B96F2ACB0EA0}.Debug-x64|Mixed Platforms.Build.0 = Debug|Any CPU
		{2D68F2A4-290E-48A0-957C-B96F2ACB0EA0}.Debug-x64|Win32.ActiveCfg = Debug|Any CPU
		{2D68F2A4-290E-48A0-957C-B96F2ACB0EA0}.Debug-x64|x64.ActiveCfg = Debug|Any CPU
		{2D68F2A4-290E-48A0-957C-B96F2ACB0EA0}.Debug-x64|x86.ActiveCfg = Debug|Any CPU
		{2D68F2A4-290E-48A0-957C-B96F2ACB0EA0}.Release|Any CPU.ActiveCfg = Release|Any CPU
		{2D68F2A4-290E-48A0-957C-B96F2ACB0EA0}.Release|Any CPU.Build.0 = Release|Any CPU
		{2D68F2A4-290E-48A0-957C-B96F2ACB0EA0}.Release|Mixed Platforms.ActiveCfg = Release|Any CPU
		{2D68F2A4-290E-48A0-957C-B96F2ACB0EA0}.Release|Mixed Platforms.Build.0 = Release|Any CPU
		{2D68F2A4-290E-48A0-957C-B96F2ACB0EA0}.Release|Win32.ActiveCfg = Release|Any CPU
		{2D68F2A4-290E-48A0-957C-B96F2ACB0EA0}.Release|x64.ActiveCfg = Release|Any CPU
		{2D68F2A4-290E-48A0-957C-B96F2ACB0EA0}.Release|x86.ActiveCfg = Release|Any CPU
		{044F0E21-41B7-4B84-B551-E1275F4FFD87}.Debug|Any CPU.ActiveCfg = Debug|Any CPU
		{044F0E21-41B7-4B84-B551-E1275F4FFD87}.Debug|Any CPU.Build.0 = Debug|Any CPU
		{044F0E21-41B7-4B84-B551-E1275F4FFD87}.Debug|Mixed Platforms.ActiveCfg = Debug|Any CPU
		{044F0E21-41B7-4B84-B551-E1275F4FFD87}.Debug|Mixed Platforms.Build.0 = Debug|Any CPU
		{044F0E21-41B7-4B84-B551-E1275F4FFD87}.Debug|Win32.ActiveCfg = Debug|Any CPU
		{044F0E21-41B7-4B84-B551-E1275F4FFD87}.Debug|x64.ActiveCfg = Debug|Any CPU
		{044F0E21-41B7-4B84-B551-E1275F4FFD87}.Debug|x86.ActiveCfg = Debug|Any CPU
		{044F0E21-41B7-4B84-B551-E1275F4FFD87}.Debug-x64|Any CPU.ActiveCfg = Debug|Any CPU
		{044F0E21-41B7-4B84-B551-E1275F4FFD87}.Debug-x64|Any CPU.Build.0 = Debug|Any CPU
		{044F0E21-41B7-4B84-B551-E1275F4FFD87}.Debug-x64|Mixed Platforms.ActiveCfg = Debug|Any CPU
		{044F0E21-41B7-4B84-B551-E1275F4FFD87}.Debug-x64|Mixed Platforms.Build.0 = Debug|Any CPU
		{044F0E21-41B7-4B84-B551-E1275F4FFD87}.Debug-x64|Win32.ActiveCfg = Debug|Any CPU
		{044F0E21-41B7-4B84-B551-E1275F4FFD87}.Debug-x64|x64.ActiveCfg = Debug|Any CPU
		{044F0E21-41B7-4B84-B551-E1275F4FFD87}.Debug-x64|x86.ActiveCfg = Debug|Any CPU
		{044F0E21-41B7-4B84-B551-E1275F4FFD87}.Release|Any CPU.ActiveCfg = Release|Any CPU
		{044F0E21-41B7-4B84-B551-E1275F4FFD87}.Release|Any CPU.Build.0 = Release|Any CPU
		{044F0E21-41B7-4B84-B551-E1275F4FFD87}.Release|Mixed Platforms.ActiveCfg = Release|Any CPU
		{044F0E21-41B7-4B84-B551-E1275F4FFD87}.Release|Mixed Platforms.Build.0 = Release|Any CPU
		{044F0E21-41B7-4B84-B551-E1275F4FFD87}.Release|Win32.ActiveCfg = Release|Any CPU
		{044F0E21-41B7-4B84-B551-E1275F4FFD87}.Release|x64.ActiveCfg = Release|Any CPU
		{044F0E21-41B7-4B84-B551-E1275F4FFD87}.Release|x86.ActiveCfg = Release|Any CPU
		{EC6EFCE5-8E2F-4732-B5F6-12D25BDCFECC}.Debug|Any CPU.ActiveCfg = Debug|Any CPU
		{EC6EFCE5-8E2F-4732-B5F6-12D25BDCFECC}.Debug|Any CPU.Build.0 = Debug|Any CPU
		{EC6EFCE5-8E2F-4732-B5F6-12D25BDCFECC}.Debug|Mixed Platforms.ActiveCfg = Debug|Any CPU
		{EC6EFCE5-8E2F-4732-B5F6-12D25BDCFECC}.Debug|Mixed Platforms.Build.0 = Debug|Any CPU
		{EC6EFCE5-8E2F-4732-B5F6-12D25BDCFECC}.Debug|Win32.ActiveCfg = Debug|Any CPU
		{EC6EFCE5-8E2F-4732-B5F6-12D25BDCFECC}.Debug|x64.ActiveCfg = Debug|Any CPU
		{EC6EFCE5-8E2F-4732-B5F6-12D25BDCFECC}.Debug|x86.ActiveCfg = Debug|Any CPU
		{EC6EFCE5-8E2F-4732-B5F6-12D25BDCFECC}.Debug-x64|Any CPU.ActiveCfg = Debug|Any CPU
		{EC6EFCE5-8E2F-4732-B5F6-12D25BDCFECC}.Debug-x64|Any CPU.Build.0 = Debug|Any CPU
		{EC6EFCE5-8E2F-4732-B5F6-12D25BDCFECC}.Debug-x64|Mixed Platforms.ActiveCfg = Debug|Any CPU
		{EC6EFCE5-8E2F-4732-B5F6-12D25BDCFECC}.Debug-x64|Mixed Platforms.Build.0 = Debug|Any CPU
		{EC6EFCE5-8E2F-4732-B5F6-12D25BDCFECC}.Debug-x64|Win32.ActiveCfg = Debug|Any CPU
		{EC6EFCE5-8E2F-4732-B5F6-12D25BDCFECC}.Debug-x64|x64.ActiveCfg = Debug|Any CPU
		{EC6EFCE5-8E2F-4732-B5F6-12D25BDCFECC}.Debug-x64|x86.ActiveCfg = Debug|Any CPU
		{EC6EFCE5-8E2F-4732-B5F6-12D25BDCFECC}.Release|Any CPU.ActiveCfg = Release|Any CPU
		{EC6EFCE5-8E2F-4732-B5F6-12D25BDCFECC}.Release|Any CPU.Build.0 = Release|Any CPU
		{EC6EFCE5-8E2F-4732-B5F6-12D25BDCFECC}.Release|Mixed Platforms.ActiveCfg = Release|Any CPU
		{EC6EFCE5-8E2F-4732-B5F6-12D25BDCFECC}.Release|Mixed Platforms.Build.0 = Release|Any CPU
		{EC6EFCE5-8E2F-4732-B5F6-12D25BDCFECC}.Release|Win32.ActiveCfg = Release|Any CPU
		{EC6EFCE5-8E2F-4732-B5F6-12D25BDCFECC}.Release|x64.ActiveCfg = Release|Any CPU
		{EC6EFCE5-8E2F-4732-B5F6-12D25BDCFECC}.Release|x86.ActiveCfg = Release|Any CPU
		{37B38BCF-BBE1-4117-A16B-325315C076FC}.Debug|Any CPU.ActiveCfg = Debug|Any CPU
		{37B38BCF-BBE1-4117-A16B-325315C076FC}.Debug|Any CPU.Build.0 = Debug|Any CPU
		{37B38BCF-BBE1-4117-A16B-325315C076FC}.Debug|Mixed Platforms.ActiveCfg = Debug|Any CPU
		{37B38BCF-BBE1-4117-A16B-325315C076FC}.Debug|Mixed Platforms.Build.0 = Debug|Any CPU
		{37B38BCF-BBE1-4117-A16B-325315C076FC}.Debug|Win32.ActiveCfg = Debug|Any CPU
		{37B38BCF-BBE1-4117-A16B-325315C076FC}.Debug|x64.ActiveCfg = Debug|Any CPU
		{37B38BCF-BBE1-4117-A16B-325315C076FC}.Debug|x86.ActiveCfg = Debug|Any CPU
		{37B38BCF-BBE1-4117-A16B-325315C076FC}.Debug-x64|Any CPU.ActiveCfg = Debug|Any CPU
		{37B38BCF-BBE1-4117-A16B-325315C076FC}.Debug-x64|Any CPU.Build.0 = Debug|Any CPU
		{37B38BCF-BBE1-4117-A16B-325315C076FC}.Debug-x64|Mixed Platforms.ActiveCfg = Debug|Any CPU
		{37B38BCF-BBE1-4117-A16B-325315C076FC}.Debug-x64|Mixed Platforms.Build.0 = Debug|Any CPU
		{37B38BCF-BBE1-4117-A16B-325315C076FC}.Debug-x64|Win32.ActiveCfg = Debug|Any CPU
		{37B38BCF-BBE1-4117-A16B-325315C076FC}.Debug-x64|x64.ActiveCfg = Debug|Any CPU
		{37B38BCF-BBE1-4117-A16B-325315C076FC}.Debug-x64|x86.ActiveCfg = Debug|Any CPU
		{37B38BCF-BBE1-4117-A16B-325315C076FC}.Release|Any CPU.ActiveCfg = Release|Any CPU
		{37B38BCF-BBE1-4117-A16B-325315C076FC}.Release|Any CPU.Build.0 = Release|Any CPU
		{37B38BCF-BBE1-4117-A16B-325315C076FC}.Release|Mixed Platforms.ActiveCfg = Release|Any CPU
		{37B38BCF-BBE1-4117-A16B-325315C076FC}.Release|Mixed Platforms.Build.0 = Release|Any CPU
		{37B38BCF-BBE1-4117-A16B-325315C076FC}.Release|Win32.ActiveCfg = Release|Any CPU
		{37B38BCF-BBE1-4117-A16B-325315C076FC}.Release|x64.ActiveCfg = Release|Any CPU
		{37B38BCF-BBE1-4117-A16B-325315C076FC}.Release|x86.ActiveCfg = Release|Any CPU
		{2CB597AA-A064-4EF9-AE83-DCDE516FA89F}.Debug|Any CPU.ActiveCfg = Debug|Any CPU
		{2CB597AA-A064-4EF9-AE83-DCDE516FA89F}.Debug|Any CPU.Build.0 = Debug|Any CPU
		{2CB597AA-A064-4EF9-AE83-DCDE516FA89F}.Debug|Mixed Platforms.ActiveCfg = Debug|Any CPU
		{2CB597AA-A064-4EF9-AE83-DCDE516FA89F}.Debug|Mixed Platforms.Build.0 = Debug|Any CPU
		{2CB597AA-A064-4EF9-AE83-DCDE516FA89F}.Debug|Win32.ActiveCfg = Debug|Any CPU
		{2CB597AA-A064-4EF9-AE83-DCDE516FA89F}.Debug|x64.ActiveCfg = Debug|Any CPU
		{2CB597AA-A064-4EF9-AE83-DCDE516FA89F}.Debug|x86.ActiveCfg = Debug|Any CPU
		{2CB597AA-A064-4EF9-AE83-DCDE516FA89F}.Debug-x64|Any CPU.ActiveCfg = Debug|Any CPU
		{2CB597AA-A064-4EF9-AE83-DCDE516FA89F}.Debug-x64|Any CPU.Build.0 = Debug|Any CPU
		{2CB597AA-A064-4EF9-AE83-DCDE516FA89F}.Debug-x64|Mixed Platforms.ActiveCfg = Debug|Any CPU
		{2CB597AA-A064-4EF9-AE83-DCDE516FA89F}.Debug-x64|Mixed Platforms.Build.0 = Debug|Any CPU
		{2CB597AA-A064-4EF9-AE83-DCDE516FA89F}.Debug-x64|Win32.ActiveCfg = Debug|Any CPU
		{2CB597AA-A064-4EF9-AE83-DCDE516FA89F}.Debug-x64|x64.ActiveCfg = Debug|Any CPU
		{2CB597AA-A064-4EF9-AE83-DCDE516FA89F}.Debug-x64|x86.ActiveCfg = Debug|Any CPU
		{2CB597AA-A064-4EF9-AE83-DCDE516FA89F}.Release|Any CPU.ActiveCfg = Release|Any CPU
		{2CB597AA-A064-4EF9-AE83-DCDE516FA89F}.Release|Any CPU.Build.0 = Release|Any CPU
		{2CB597AA-A064-4EF9-AE83-DCDE516FA89F}.Release|Mixed Platforms.ActiveCfg = Release|Any CPU
		{2CB597AA-A064-4EF9-AE83-DCDE516FA89F}.Release|Mixed Platforms.Build.0 = Release|Any CPU
		{2CB597AA-A064-4EF9-AE83-DCDE516FA89F}.Release|Win32.ActiveCfg = Release|Any CPU
		{2CB597AA-A064-4EF9-AE83-DCDE516FA89F}.Release|x64.ActiveCfg = Release|Any CPU
		{2CB597AA-A064-4EF9-AE83-DCDE516FA89F}.Release|x86.ActiveCfg = Release|Any CPU
	EndGlobalSection
	GlobalSection(SolutionProperties) = preSolution
		HideSolutionNode = FALSE
	EndGlobalSection
	GlobalSection(NestedProjects) = preSolution
		{391922E5-49C3-48AC-84A9-12F291950765} = {6F50225F-0FC2-4CC9-B6AC-FB66EEE381B2}
		{5D74D80E-3FBD-46FB-92D7-9D7D2124A455} = {6F50225F-0FC2-4CC9-B6AC-FB66EEE381B2}
		{1EDCAEEB-2840-4E88-A465-58DC43403C61} = {6F50225F-0FC2-4CC9-B6AC-FB66EEE381B2}
		{95D5A697-719F-42DD-8F9A-823F35B0748C} = {391922E5-49C3-48AC-84A9-12F291950765}
		{48A58130-3777-444E-B92D-D7169A7FD75D} = {391922E5-49C3-48AC-84A9-12F291950765}
		{8AD2CFE3-A333-4352-BD69-75ECE7A178C7} = {5D74D80E-3FBD-46FB-92D7-9D7D2124A455}
		{37B38BCF-BBE1-4117-A16B-325315C076FC} = {906F7C94-D2FB-42D3-BEB8-AED341485F15}
		{2CB597AA-A064-4EF9-AE83-DCDE516FA89F} = {906F7C94-D2FB-42D3-BEB8-AED341485F15}
		{DA5B195C-92E2-42FA-B7A6-C9043FBB0022} = {11815CCB-6029-40AA-82AC-7663E7B73C56}
		{CCFB3921-3354-40CD-A082-3637D7411E92} = {11815CCB-6029-40AA-82AC-7663E7B73C56}
		{B9AB79B4-A396-4C35-808E-424B6DBCC92E} = {11815CCB-6029-40AA-82AC-7663E7B73C56}
		{44CB3D5B-254C-435A-A2A4-ECAC05B27D00} = {11815CCB-6029-40AA-82AC-7663E7B73C56}
		{27D1A23A-232D-492D-B497-CEC67E66E1A4} = {11815CCB-6029-40AA-82AC-7663E7B73C56}
		{D36AFBB3-B05B-4DF4-B0EF-CCACDD774C99} = {11815CCB-6029-40AA-82AC-7663E7B73C56}
		{2D68F2A4-290E-48A0-957C-B96F2ACB0EA0} = {11815CCB-6029-40AA-82AC-7663E7B73C56}
		{044F0E21-41B7-4B84-B551-E1275F4FFD87} = {DA5B195C-92E2-42FA-B7A6-C9043FBB0022}
		{EC6EFCE5-8E2F-4732-B5F6-12D25BDCFECC} = {1EDCAEEB-2840-4E88-A465-58DC43403C61}
	EndGlobalSection
EndGlobal
